{
  "version": 4,
  "terraform_version": "1.7.5",
  "serial": 3,
  "lineage": "f18ead0a-548a-4355-e073-ac358c0cacae",
  "outputs": {},
  "resources": [
    {
      "mode": "data",
      "type": "digitalocean_ssh_key",
      "name": "XAVI",
      "provider": "provider[\"registry.terraform.io/digitalocean/digitalocean\"]",
      "instances": [
        {
          "schema_version": 0,
          "attributes": {
            "fingerprint": "24:d3:c4:74:a9:a0:c3:66:fc:65:98:60:09:b1:2b:da",
            "id": 41388344,
            "name": "XAVI",
            "public_key": "ssh-rsa AAAAB3NzaC1yc2EAAAADAQABAAABAQC7erJMlD0nCASOeMOHIp6Le94n9l+6vTUgpfJ3fyi509hpiLiFdhSO8YEtNvW87tCGiFlN9sircwqktz/luCACmjUEi1SI3ybWgckQLHT2NZJcsjZYfOpvzi+pfNgS17TyV0RTVYHu2/NP0eB+912irQtSn7WSCnTlKAMkG+55Xuy//EHh6ZxrsE8oPuyX+Qqu8VqYzJnFBXYFckr+M5a4rol+abZPPGfQrJM1+zZ4qsHqCRPvpSHcpNm3rfsJuj/X2wg//Psx2QBK8O4h1Aaj2kHsOlY8TuWf8j9uqmACcnQiu8pS+VNhGzAGBxH+RUGI0ktB47RcAyX/GGyWRJjN jaros@DESKTOP-LK6A72P"
          },
          "sensitive_attributes": []
        }
      ]
    },
    {
      "mode": "managed",
      "type": "digitalocean_droplet",
      "name": "casiopea",
      "provider": "provider[\"registry.terraform.io/digitalocean/digitalocean\"]",
      "instances": [
        {
          "status": "tainted",
          "schema_version": 1,
          "attributes": {
            "backups": false,
            "created_at": "2024-03-23T11:18:12Z",
            "disk": 50,
            "droplet_agent": null,
            "graceful_shutdown": false,
            "id": "408601972",
            "image": "ubuntu-22-04-x64",
            "ipv4_address": "46.101.98.70",
            "ipv4_address_private": "10.135.0.2",
            "ipv6": false,
            "ipv6_address": "",
            "locked": false,
            "memory": 2048,
            "monitoring": false,
            "name": "casiopea",
            "price_hourly": 0.01786,
            "price_monthly": 12,
            "private_networking": true,
            "region": "fra1",
            "resize_disk": true,
            "size": "s-1vcpu-2gb",
            "ssh_keys": [
              "41388344"
            ],
            "status": "active",
            "tags": null,
            "timeouts": null,
            "urn": "do:droplet:408601972",
            "user_data": null,
            "vcpus": 1,
            "volume_ids": [],
            "vpc_uuid": "f856d9e6-dc84-11e8-8b13-3cfdfea9f160"
          },
          "sensitive_attributes": [],
          "private": "eyJlMmJmYjczMC1lY2FhLTExZTYtOGY4OC0zNDM2M2JjN2M0YzAiOnsiY3JlYXRlIjozNjAwMDAwMDAwMDAwLCJkZWxldGUiOjYwMDAwMDAwMDAwLCJ1cGRhdGUiOjM2MDAwMDAwMDAwMDB9LCJzY2hlbWFfdmVyc2lvbiI6IjEifQ==",
          "dependencies": [
            "data.digitalocean_ssh_key.XAVI"
          ]
        }
      ]
    },
    {
      "mode": "managed",
      "type": "digitalocean_droplet",
      "name": "vega",
      "provider": "provider[\"registry.terraform.io/digitalocean/digitalocean\"]",
      "instances": [
        {
          "status": "tainted",
          "schema_version": 1,
          "attributes": {
            "backups": false,
            "created_at": "2024-03-23T11:18:11Z",
            "disk": 25,
            "droplet_agent": null,
            "graceful_shutdown": false,
            "id": "408601971",
            "image": "ubuntu-22-04-x64",
            "ipv4_address": "104.248.37.23",
            "ipv4_address_private": "10.135.0.3",
            "ipv6": false,
            "ipv6_address": "",
            "locked": false,
            "memory": 1024,
            "monitoring": false,
            "name": "vega",
            "price_hourly": 0.00893,
            "price_monthly": 6,
            "private_networking": true,
            "region": "fra1",
            "resize_disk": true,
            "size": "s-1vcpu-1gb",
            "ssh_keys": [
              "41388344"
            ],
            "status": "active",
            "tags": null,
            "timeouts": null,
            "urn": "do:droplet:408601971",
            "user_data": null,
            "vcpus": 1,
            "volume_ids": [],
            "vpc_uuid": "f856d9e6-dc84-11e8-8b13-3cfdfea9f160"
          },
          "sensitive_attributes": [],
          "private": "eyJlMmJmYjczMC1lY2FhLTExZTYtOGY4OC0zNDM2M2JjN2M0YzAiOnsiY3JlYXRlIjozNjAwMDAwMDAwMDAwLCJkZWxldGUiOjYwMDAwMDAwMDAwLCJ1cGRhdGUiOjM2MDAwMDAwMDAwMDB9LCJzY2hlbWFfdmVyc2lvbiI6IjEifQ==",
          "dependencies": [
            "data.digitalocean_ssh_key.XAVI"
          ]
        }
      ]
    }
  ],
  "check_results": null
}
